
Microsoft Visual Studio Solution File, Format Version 12.00
# Visual Studio Version 17
VisualStudioVersion = 17.3.32922.545
MinimumVisualStudioVersion = 10.0.40219.1
Project("{FAE04EC0-301F-11D3-BF4B-00C04F79EFBC}") = "M2I-CleanCode-Exam-Snake", "M2I-CleanCode-Exam-Snake\M2I-CleanCode-Exam-Snake.csproj", "{E10FCE56-DACC-40C6-A42F-18F74298CCDF}"
EndProject
Global
	GlobalSection(SolutionConfigurationPlatforms) = preSolution
		Debug|Any CPU = Debug|Any CPU
		Release|Any CPU = Release|Any CPU
	EndGlobalSection
	GlobalSection(ProjectConfigurationPlatforms) = postSolution
		{E10FCE56-DACC-40C6-A42F-18F74298CCDF}.Debug|Any CPU.ActiveCfg = Debug|Any CPU
		{E10FCE56-DACC-40C6-A42F-18F74298CCDF}.Debug|Any CPU.Build.0 = Debug|Any CPU
		{E10FCE56-DACC-40C6-A42F-18F74298CCDF}.Release|Any CPU.ActiveCfg = Release|Any CPU
		{E10FCE56-DACC-40C6-A42F-18F74298CCDF}.Release|Any CPU.Build.0 = Release|Any CPU
	EndGlobalSection
	GlobalSection(SolutionProperties) = preSolution
		HideSolutionNode = FALSE
	EndGlobalSection
	GlobalSection(ExtensibilityGlobals) = postSolution
		SolutionGuid = {E081C51D-C8F5-4E55-B6FA-0B3466741E2D}
	EndGlobalSection
EndGlobal
